
Microsoft Visual Studio Solution File, Format Version 12.00
# Visual Studio 2012
Project("{8BC9CEB8-8B4A-11D0-8D11-00A0C91BC942}") = "libcurlPostJson", "libcurlPostJson.vcxproj", "{ADCE229B-35A3-4319-B8C5-B66E037E5111}"
EndProject
Global
	GlobalSection(SolutionConfigurationPlatforms) = preSolution
		Debug|Win32 = Debug|Win32
		Release|Win32 = Release|Win32
	EndGlobalSection
	GlobalSection(ProjectConfigurationPlatforms) = postSolution
		{ADCE229B-35A3-4319-B8C5-B66E037E5111}.Debug|Win32.ActiveCfg = Debug|Win32
		{ADCE229B-35A3-4319-B8C5-B66E037E5111}.Debug|Win32.Build.0 = Debug|Win32
		{ADCE229B-35A3-4319-B8C5-B66E037E5111}.Release|Win32.ActiveCfg = Release|Win32
		{ADCE229B-35A3-4319-B8C5-B66E037E5111}.Release|Win32.Build.0 = Release|Win32
	EndGlobalSection
	GlobalSection(SolutionProperties) = preSolution
		HideSolutionNode = FALSE
	EndGlobalSection
EndGlobal
